
Microsoft Visual Studio Solution File, Format Version 12.00
# Visual Studio Version 16
VisualStudioVersion = 16.0.29728.190
MinimumVisualStudioVersion = 10.0.40219.1
Project("{9A19103F-16F7-4668-BE54-9A1E7A4F7556}") = "JSSoft.ModernUI.Framework", "JSSoft.ModernUI.Framework\JSSoft.ModernUI.Framework\JSSoft.ModernUI.Framework.csproj", "{20C3D3DD-DE99-4126-9449-BCA12E4D255D}"
EndProject
Project("{9A19103F-16F7-4668-BE54-9A1E7A4F7556}") = "JSSoft.ModernUI.Shell", "JSSoft.ModernUI.Framework\JSSoft.ModernUI.Shell\JSSoft.ModernUI.Shell.csproj", "{08EDE278-EE1B-4A91-9CB8-4608AA4BD072}"
EndProject
Project("{9A19103F-16F7-4668-BE54-9A1E7A4F7556}") = "JSSoft.Library", "JSSoft.Library\JSSoft.Library\JSSoft.Library.csproj", "{1918437F-4FBF-4731-AC5B-981A4A4CB1F1}"
EndProject
Project("{9A19103F-16F7-4668-BE54-9A1E7A4F7556}") = "JSSoft.Library.Random", "JSSoft.Library\JSSoft.Library.Random\JSSoft.Library.Random.csproj", "{83F1180F-F170-48CF-BE1E-CA60D6851800}"
EndProject
Project("{9A19103F-16F7-4668-BE54-9A1E7A4F7556}") = "JSSoft.ModernUI.Framework.DataGrid", "JSSoft.ModernUI.Framework\JSSoft.ModernUI.Framework.DataGrid\JSSoft.ModernUI.Framework.DataGrid.csproj", "{1C55FED2-99EB-469D-9DAC-A1F7B9E7C790}"
EndProject
Global
	GlobalSection(SolutionConfigurationPlatforms) = preSolution
		Debug|Any CPU = Debug|Any CPU
		Release|Any CPU = Release|Any CPU
	EndGlobalSection
	GlobalSection(ProjectConfigurationPlatforms) = postSolution
		{20C3D3DD-DE99-4126-9449-BCA12E4D255D}.Debug|Any CPU.ActiveCfg = Debug|Any CPU
		{20C3D3DD-DE99-4126-9449-BCA12E4D255D}.Debug|Any CPU.Build.0 = Debug|Any CPU
		{20C3D3DD-DE99-4126-9449-BCA12E4D255D}.Release|Any CPU.ActiveCfg = Release|Any CPU
		{20C3D3DD-DE99-4126-9449-BCA12E4D255D}.Release|Any CPU.Build.0 = Release|Any CPU
		{08EDE278-EE1B-4A91-9CB8-4608AA4BD072}.Debug|Any CPU.ActiveCfg = Debug|Any CPU
		{08EDE278-EE1B-4A91-9CB8-4608AA4BD072}.Debug|Any CPU.Build.0 = Debug|Any CPU
		{08EDE278-EE1B-4A91-9CB8-4608AA4BD072}.Release|Any CPU.ActiveCfg = Release|Any CPU
		{08EDE278-EE1B-4A91-9CB8-4608AA4BD072}.Release|Any CPU.Build.0 = Release|Any CPU
		{1918437F-4FBF-4731-AC5B-981A4A4CB1F1}.Debug|Any CPU.ActiveCfg = Debug|Any CPU
		{1918437F-4FBF-4731-AC5B-981A4A4CB1F1}.Debug|Any CPU.Build.0 = Debug|Any CPU
		{1918437F-4FBF-4731-AC5B-981A4A4CB1F1}.Release|Any CPU.ActiveCfg = Release|Any CPU
		{1918437F-4FBF-4731-AC5B-981A4A4CB1F1}.Release|Any CPU.Build.0 = Release|Any CPU
		{83F1180F-F170-48CF-BE1E-CA60D6851800}.Debug|Any CPU.ActiveCfg = Debug|Any CPU
		{83F1180F-F170-48CF-BE1E-CA60D6851800}.Debug|Any CPU.Build.0 = Debug|Any CPU
		{83F1180F-F170-48CF-BE1E-CA60D6851800}.Release|Any CPU.ActiveCfg = Release|Any CPU
		{83F1180F-F170-48CF-BE1E-CA60D6851800}.Release|Any CPU.Build.0 = Release|Any CPU
		{1C55FED2-99EB-469D-9DAC-A1F7B9E7C790}.Debug|Any CPU.ActiveCfg = Debug|Any CPU
		{1C55FED2-99EB-469D-9DAC-A1F7B9E7C790}.Debug|Any CPU.Build.0 = Debug|Any CPU
		{1C55FED2-99EB-469D-9DAC-A1F7B9E7C790}.Release|Any CPU.ActiveCfg = Release|Any CPU
		{1C55FED2-99EB-469D-9DAC-A1F7B9E7C790}.Release|Any CPU.Build.0 = Release|Any CPU
	EndGlobalSection
	GlobalSection(SolutionProperties) = preSolution
		HideSolutionNode = FALSE
	EndGlobalSection
	GlobalSection(ExtensibilityGlobals) = postSolution
		SolutionGuid = {54CC952A-2368-49C9-9FFC-D8258D7CF54E}
	EndGlobalSection
EndGlobal
